{
  "name": "20200628require-vm",
  "version": "1.0.0",
  "lockfileVersion": 1,
  "requires": true,
  "dependencies": {
    "@types/node": {
      "version": "14.0.14",
      "resolved": "https://registry.npmjs.org/@types/node/-/node-14.0.14.tgz",
      "integrity": "sha512-syUgf67ZQpaJj01/tRTknkMNoBBLWJOBODF0Zm4NrXmiSuxjymFrxnTu1QVYRubhVkRcZLYZG8STTwJRdVm/WQ=="
    },
    "lodash": {
      "version": "4.17.21",
      "resolved": "https://registry.npmjs.org/lodash/-/lodash-4.17.21.tgz",
      "integrity": "sha512-v2kDEe57lecTulaDIuNTPy3Ry4gLGJ6Z1O3vE1krgXZNrsQ+LFTGHVxVjcXPs17LhbZVGedAJv8XZ1tvj5FvSg=="
    },
    "require-vm": {
      "version": "1.0.3",
      "resolved": "https://registry.npmjs.org/require-vm/-/require-vm-1.0.3.tgz",
      "integrity": "sha512-MRsc2QJal/Z8JsxB2Ipsi+ju64ToDJgOqXhdy1dm1KXzW4/yRRPtQT58Mtkoh+FELndlcwrmIkYZGdmOnfTm8g==",
      "requires": {
        "@types/node": "^14.0.14"
      }
    }
  }
}
